
Microsoft Visual Studio Solution File, Format Version 12.00
# Visual Studio 15
VisualStudioVersion = 15.0.28307.779
MinimumVisualStudioVersion = 10.0.40219.1
Project("{FAE04EC0-301F-11D3-BF4B-00C04F79EFBC}") = "IDED_Scripting_P1_202010-base", "IDED_Scripting_P1_202010-base\IDED_Scripting_P1_202010-base.csproj", "{6AE72342-C24A-4FC7-A196-60DDF9031A6C}"
EndProject
Global
	GlobalSection(SolutionConfigurationPlatforms) = preSolution
		Debug|Any CPU = Debug|Any CPU
		Release|Any CPU = Release|Any CPU
	EndGlobalSection
	GlobalSection(ProjectConfigurationPlatforms) = postSolution
		{6AE72342-C24A-4FC7-A196-60DDF9031A6C}.Debug|Any CPU.ActiveCfg = Debug|Any CPU
		{6AE72342-C24A-4FC7-A196-60DDF9031A6C}.Debug|Any CPU.Build.0 = Debug|Any CPU
		{6AE72342-C24A-4FC7-A196-60DDF9031A6C}.Release|Any CPU.ActiveCfg = Release|Any CPU
		{6AE72342-C24A-4FC7-A196-60DDF9031A6C}.Release|Any CPU.Build.0 = Release|Any CPU
	EndGlobalSection
	GlobalSection(SolutionProperties) = preSolution
		HideSolutionNode = FALSE
	EndGlobalSection
	GlobalSection(ExtensibilityGlobals) = postSolution
		SolutionGuid = {BD3C4991-E121-46E5-9F9D-66508D338986}
	EndGlobalSection
EndGlobal
